// !$*UTF8*$!
{
	archiveVersion = 1;
	classes = {
	};
	objectVersion = 50;
	objects = {

/* Begin PBXBuildFile section */
		68057BA823C03BCB001469EB /* Time.swift in Sources */ = {isa = PBXBuildFile; fileRef = 68057BA723C03BCB001469EB /* Time.swift */; };
		68057BAA23C03D98001469EB /* AddTimeCell.swift in Sources */ = {isa = PBXBuildFile; fileRef = 68057BA923C03D98001469EB /* AddTimeCell.swift */; };
		68057BAC23C03F6C001469EB /* SelectedTimeCell.swift in Sources */ = {isa = PBXBuildFile; fileRef = 68057BAB23C03F6C001469EB /* SelectedTimeCell.swift */; };
		6812E2BD239B7812007459C3 /* SlideInPresentationManager.swift in Sources */ = {isa = PBXBuildFile; fileRef = 6812E2BC239B7812007459C3 /* SlideInPresentationManager.swift */; };
		6812E2BF239B787F007459C3 /* SlideInPresentationController.swift in Sources */ = {isa = PBXBuildFile; fileRef = 6812E2BE239B787F007459C3 /* SlideInPresentationController.swift */; };
		6812E2C1239B79DA007459C3 /* AddMedicationViewController.swift in Sources */ = {isa = PBXBuildFile; fileRef = 6812E2C0239B79DA007459C3 /* AddMedicationViewController.swift */; };
		6812E2C4239C55D4007459C3 /* AddMedicationView.swift in Sources */ = {isa = PBXBuildFile; fileRef = 6812E2C3239C55D4007459C3 /* AddMedicationView.swift */; };
		6812E2C6239D75AF007459C3 /* AddMedicationTextField.swift in Sources */ = {isa = PBXBuildFile; fileRef = 6812E2C5239D75AF007459C3 /* AddMedicationTextField.swift */; };
		6812E2C9239D7FA0007459C3 /* MedicationsController+AddMedicationControllerDelegate.swift in Sources */ = {isa = PBXBuildFile; fileRef = 6812E2C8239D7FA0007459C3 /* MedicationsController+AddMedicationControllerDelegate.swift */; };
		6812E2CB239E025B007459C3 /* ShapeCell.swift in Sources */ = {isa = PBXBuildFile; fileRef = 6812E2CA239E025B007459C3 /* ShapeCell.swift */; };
		6812E2CD239E1A9E007459C3 /* UIStackView+helpers.swift in Sources */ = {isa = PBXBuildFile; fileRef = 6812E2CC239E1A9E007459C3 /* UIStackView+helpers.swift */; };
		6812E2D0239E1C23007459C3 /* Shape.swift in Sources */ = {isa = PBXBuildFile; fileRef = 6812E2CF239E1C23007459C3 /* Shape.swift */; };
		684907CF23BFBD020035A9D7 /* SelectedTimesController.swift in Sources */ = {isa = PBXBuildFile; fileRef = 684907CE23BFBD020035A9D7 /* SelectedTimesController.swift */; };
		684907D223BFE0BA0035A9D7 /* ShapesViewController.swift in Sources */ = {isa = PBXBuildFile; fileRef = 684907D123BFE0BA0035A9D7 /* ShapesViewController.swift */; };
		6858FFF623A0950D00EA8DA8 /* UILabel+helpers.swift in Sources */ = {isa = PBXBuildFile; fileRef = 6858FFF523A0950D00EA8DA8 /* UILabel+helpers.swift */; };
		68BB342A23A9778100185C30 /* DayOfWeek.swift in Sources */ = {isa = PBXBuildFile; fileRef = 68BB342923A9778100185C30 /* DayOfWeek.swift */; };
		68BBBADC23BFE5FC00AF24E5 /* DosageViewController.swift in Sources */ = {isa = PBXBuildFile; fileRef = 68BBBADB23BFE5FC00AF24E5 /* DosageViewController.swift */; };
		68C04B8323BD5ED1002AD7BA /* DayOfWeekCell.swift in Sources */ = {isa = PBXBuildFile; fileRef = 68C04B8223BD5ED1002AD7BA /* DayOfWeekCell.swift */; };
		68C3CE2623C003C10083AB5F /* StartEndDatePickerController.swift in Sources */ = {isa = PBXBuildFile; fileRef = 68C3CE2523C003C10083AB5F /* StartEndDatePickerController.swift */; };
		68C6393823A1CA9A00C8CD6C /* DatePickerHeaderView.swift in Sources */ = {isa = PBXBuildFile; fileRef = 68C6393723A1CA9A00C8CD6C /* DatePickerHeaderView.swift */; };
		68E8C708239A0EF7002281DE /* AppDelegate.swift in Sources */ = {isa = PBXBuildFile; fileRef = 68E8C707239A0EF7002281DE /* AppDelegate.swift */; };
		68E8C70A239A0EF7002281DE /* SceneDelegate.swift in Sources */ = {isa = PBXBuildFile; fileRef = 68E8C709239A0EF7002281DE /* SceneDelegate.swift */; };
		68E8C70E239A0EF9002281DE /* Assets.xcassets in Resources */ = {isa = PBXBuildFile; fileRef = 68E8C70D239A0EF9002281DE /* Assets.xcassets */; };
		68E8C711239A0EF9002281DE /* Preview Assets.xcassets in Resources */ = {isa = PBXBuildFile; fileRef = 68E8C710239A0EF9002281DE /* Preview Assets.xcassets */; };
		68E8C714239A0EF9002281DE /* LaunchScreen.storyboard in Resources */ = {isa = PBXBuildFile; fileRef = 68E8C712239A0EF9002281DE /* LaunchScreen.storyboard */; };
		68E8C71D239A10FD002281DE /* MedicationsController.swift in Sources */ = {isa = PBXBuildFile; fileRef = 68E8C71C239A10FD002281DE /* MedicationsController.swift */; };
		68E8C71F239A1341002281DE /* MedicationCell.swift in Sources */ = {isa = PBXBuildFile; fileRef = 68E8C71E239A1341002281DE /* MedicationCell.swift */; };
		68E8C722239A17E5002281DE /* UIColor+helpers.swift in Sources */ = {isa = PBXBuildFile; fileRef = 68E8C721239A17E5002281DE /* UIColor+helpers.swift */; };
		68E8C725239A187D002281DE /* DosageModels.xcdatamodeld in Sources */ = {isa = PBXBuildFile; fileRef = 68E8C723239A187D002281DE /* DosageModels.xcdatamodeld */; };
		68E8C727239A19E2002281DE /* CoreDataManager.swift in Sources */ = {isa = PBXBuildFile; fileRef = 68E8C726239A19E2002281DE /* CoreDataManager.swift */; };
		68E8C72C239A1DBB002281DE /* MedicationsController+UICollectionViewDataSource.swift in Sources */ = {isa = PBXBuildFile; fileRef = 68E8C72B239A1DBB002281DE /* MedicationsController+UICollectionViewDataSource.swift */; };
		68E8C72E239A1E42002281DE /* MedicationsController+UICollectionViewDelegateFlowLayout.swift in Sources */ = {isa = PBXBuildFile; fileRef = 68E8C72D239A1E42002281DE /* MedicationsController+UICollectionViewDelegateFlowLayout.swift */; };
		68E8C731239A1F30002281DE /* MedicationsNavigationController.swift in Sources */ = {isa = PBXBuildFile; fileRef = 68E8C730239A1F30002281DE /* MedicationsNavigationController.swift */; };
		68E8C733239ACC5C002281DE /* MedicationsController+UICollectionViewDelegate.swift in Sources */ = {isa = PBXBuildFile; fileRef = 68E8C732239ACC5C002281DE /* MedicationsController+UICollectionViewDelegate.swift */; };
		68E8C736239ACC9C002281DE /* MedicationController.swift in Sources */ = {isa = PBXBuildFile; fileRef = 68E8C735239ACC9C002281DE /* MedicationController.swift */; };
/* End PBXBuildFile section */

/* Begin PBXFileReference section */
		68057BA723C03BCB001469EB /* Time.swift */ = {isa = PBXFileReference; lastKnownFileType = sourcecode.swift; path = Time.swift; sourceTree = "<group>"; };
		68057BA923C03D98001469EB /* AddTimeCell.swift */ = {isa = PBXFileReference; lastKnownFileType = sourcecode.swift; path = AddTimeCell.swift; sourceTree = "<group>"; };
		68057BAB23C03F6C001469EB /* SelectedTimeCell.swift */ = {isa = PBXFileReference; lastKnownFileType = sourcecode.swift; path = SelectedTimeCell.swift; sourceTree = "<group>"; };
		6812E2BC239B7812007459C3 /* SlideInPresentationManager.swift */ = {isa = PBXFileReference; lastKnownFileType = sourcecode.swift; path = SlideInPresentationManager.swift; sourceTree = "<group>"; };
		6812E2BE239B787F007459C3 /* SlideInPresentationController.swift */ = {isa = PBXFileReference; lastKnownFileType = sourcecode.swift; path = SlideInPresentationController.swift; sourceTree = "<group>"; };
		6812E2C0239B79DA007459C3 /* AddMedicationViewController.swift */ = {isa = PBXFileReference; lastKnownFileType = sourcecode.swift; path = AddMedicationViewController.swift; sourceTree = "<group>"; };
		6812E2C3239C55D4007459C3 /* AddMedicationView.swift */ = {isa = PBXFileReference; lastKnownFileType = sourcecode.swift; path = AddMedicationView.swift; sourceTree = "<group>"; };
		6812E2C5239D75AF007459C3 /* AddMedicationTextField.swift */ = {isa = PBXFileReference; lastKnownFileType = sourcecode.swift; path = AddMedicationTextField.swift; sourceTree = "<group>"; };
		6812E2C8239D7FA0007459C3 /* MedicationsController+AddMedicationControllerDelegate.swift */ = {isa = PBXFileReference; lastKnownFileType = sourcecode.swift; path = "MedicationsController+AddMedicationControllerDelegate.swift"; sourceTree = "<group>"; };
		6812E2CA239E025B007459C3 /* ShapeCell.swift */ = {isa = PBXFileReference; lastKnownFileType = sourcecode.swift; path = ShapeCell.swift; sourceTree = "<group>"; };
		6812E2CC239E1A9E007459C3 /* UIStackView+helpers.swift */ = {isa = PBXFileReference; lastKnownFileType = sourcecode.swift; path = "UIStackView+helpers.swift"; sourceTree = "<group>"; };
		6812E2CF239E1C23007459C3 /* Shape.swift */ = {isa = PBXFileReference; lastKnownFileType = sourcecode.swift; path = Shape.swift; sourceTree = "<group>"; };
		684907CE23BFBD020035A9D7 /* SelectedTimesController.swift */ = {isa = PBXFileReference; lastKnownFileType = sourcecode.swift; path = SelectedTimesController.swift; sourceTree = "<group>"; };
		684907D123BFE0BA0035A9D7 /* ShapesViewController.swift */ = {isa = PBXFileReference; lastKnownFileType = sourcecode.swift; path = ShapesViewController.swift; sourceTree = "<group>"; };
		6858FFF523A0950D00EA8DA8 /* UILabel+helpers.swift */ = {isa = PBXFileReference; lastKnownFileType = sourcecode.swift; path = "UILabel+helpers.swift"; sourceTree = "<group>"; };
		68BB342923A9778100185C30 /* DayOfWeek.swift */ = {isa = PBXFileReference; lastKnownFileType = sourcecode.swift; path = DayOfWeek.swift; sourceTree = "<group>"; };
		68BBBADB23BFE5FC00AF24E5 /* DosageViewController.swift */ = {isa = PBXFileReference; lastKnownFileType = sourcecode.swift; path = DosageViewController.swift; sourceTree = "<group>"; };
		68C04B8223BD5ED1002AD7BA /* DayOfWeekCell.swift */ = {isa = PBXFileReference; lastKnownFileType = sourcecode.swift; path = DayOfWeekCell.swift; sourceTree = "<group>"; };
		68C3CE2523C003C10083AB5F /* StartEndDatePickerController.swift */ = {isa = PBXFileReference; lastKnownFileType = sourcecode.swift; path = StartEndDatePickerController.swift; sourceTree = "<group>"; };
		68C6393723A1CA9A00C8CD6C /* DatePickerHeaderView.swift */ = {isa = PBXFileReference; lastKnownFileType = sourcecode.swift; path = DatePickerHeaderView.swift; sourceTree = "<group>"; };
		68E8C704239A0EF7002281DE /* Dosage.app */ = {isa = PBXFileReference; explicitFileType = wrapper.application; includeInIndex = 0; path = Dosage.app; sourceTree = BUILT_PRODUCTS_DIR; };
		68E8C707239A0EF7002281DE /* AppDelegate.swift */ = {isa = PBXFileReference; lastKnownFileType = sourcecode.swift; path = AppDelegate.swift; sourceTree = "<group>"; };
		68E8C709239A0EF7002281DE /* SceneDelegate.swift */ = {isa = PBXFileReference; lastKnownFileType = sourcecode.swift; path = SceneDelegate.swift; sourceTree = "<group>"; };
		68E8C70D239A0EF9002281DE /* Assets.xcassets */ = {isa = PBXFileReference; lastKnownFileType = folder.assetcatalog; path = Assets.xcassets; sourceTree = "<group>"; };
		68E8C710239A0EF9002281DE /* Preview Assets.xcassets */ = {isa = PBXFileReference; lastKnownFileType = folder.assetcatalog; path = "Preview Assets.xcassets"; sourceTree = "<group>"; };
		68E8C713239A0EF9002281DE /* Base */ = {isa = PBXFileReference; lastKnownFileType = file.storyboard; name = Base; path = Base.lproj/LaunchScreen.storyboard; sourceTree = "<group>"; };
		68E8C715239A0EF9002281DE /* Info.plist */ = {isa = PBXFileReference; lastKnownFileType = text.plist.xml; path = Info.plist; sourceTree = "<group>"; };
		68E8C71C239A10FD002281DE /* MedicationsController.swift */ = {isa = PBXFileReference; lastKnownFileType = sourcecode.swift; path = MedicationsController.swift; sourceTree = "<group>"; };
		68E8C71E239A1341002281DE /* MedicationCell.swift */ = {isa = PBXFileReference; lastKnownFileType = sourcecode.swift; path = MedicationCell.swift; sourceTree = "<group>"; };
		68E8C721239A17E5002281DE /* UIColor+helpers.swift */ = {isa = PBXFileReference; lastKnownFileType = sourcecode.swift; path = "UIColor+helpers.swift"; sourceTree = "<group>"; };
		68E8C724239A187D002281DE /* DosageModels.xcdatamodel */ = {isa = PBXFileReference; lastKnownFileType = wrapper.xcdatamodel; path = DosageModels.xcdatamodel; sourceTree = "<group>"; };
		68E8C726239A19E2002281DE /* CoreDataManager.swift */ = {isa = PBXFileReference; lastKnownFileType = sourcecode.swift; path = CoreDataManager.swift; sourceTree = "<group>"; };
		68E8C72B239A1DBB002281DE /* MedicationsController+UICollectionViewDataSource.swift */ = {isa = PBXFileReference; lastKnownFileType = sourcecode.swift; path = "MedicationsController+UICollectionViewDataSource.swift"; sourceTree = "<group>"; };
		68E8C72D239A1E42002281DE /* MedicationsController+UICollectionViewDelegateFlowLayout.swift */ = {isa = PBXFileReference; lastKnownFileType = sourcecode.swift; path = "MedicationsController+UICollectionViewDelegateFlowLayout.swift"; sourceTree = "<group>"; };
		68E8C730239A1F30002281DE /* MedicationsNavigationController.swift */ = {isa = PBXFileReference; lastKnownFileType = sourcecode.swift; path = MedicationsNavigationController.swift; sourceTree = "<group>"; };
		68E8C732239ACC5C002281DE /* MedicationsController+UICollectionViewDelegate.swift */ = {isa = PBXFileReference; lastKnownFileType = sourcecode.swift; path = "MedicationsController+UICollectionViewDelegate.swift"; sourceTree = "<group>"; };
		68E8C735239ACC9C002281DE /* MedicationController.swift */ = {isa = PBXFileReference; lastKnownFileType = sourcecode.swift; path = MedicationController.swift; sourceTree = "<group>"; };
/* End PBXFileReference section */

/* Begin PBXFrameworksBuildPhase section */
		68E8C701239A0EF7002281DE /* Frameworks */ = {
			isa = PBXFrameworksBuildPhase;
			buildActionMask = 2147483647;
			files = (
			);
			runOnlyForDeploymentPostprocessing = 0;
		};
/* End PBXFrameworksBuildPhase section */

/* Begin PBXGroup section */
		6812E2BA239B77DF007459C3 /* AddMedication */ = {
			isa = PBXGroup;
			children = (
				68C3CE2423C003A70083AB5F /* StartEndDatePicker */,
				684907D023BFC3600035A9D7 /* Shapes */,
				68BBBADA23BFE59E00AF24E5 /* Dosage */,
				684907CD23BFBCE80035A9D7 /* SelectedTimes */,
				68765BCE239ECD4600F15D8F /* Controller */,
				6812E2CE239E1C16007459C3 /* Model */,
				6812E2C2239C55BB007459C3 /* View */,
			);
			path = AddMedication;
			sourceTree = "<group>";
		};
		6812E2BB239B77EB007459C3 /* Presentation */ = {
			isa = PBXGroup;
			children = (
				6812E2BC239B7812007459C3 /* SlideInPresentationManager.swift */,
				6812E2BE239B787F007459C3 /* SlideInPresentationController.swift */,
			);
			path = Presentation;
			sourceTree = "<group>";
		};
		6812E2C2239C55BB007459C3 /* View */ = {
			isa = PBXGroup;
			children = (
				6812E2C3239C55D4007459C3 /* AddMedicationView.swift */,
				6812E2C5239D75AF007459C3 /* AddMedicationTextField.swift */,
			);
			path = View;
			sourceTree = "<group>";
		};
		6812E2CE239E1C16007459C3 /* Model */ = {
			isa = PBXGroup;
			children = (
				6812E2CF239E1C23007459C3 /* Shape.swift */,
				68BB342923A9778100185C30 /* DayOfWeek.swift */,
			);
			path = Model;
			sourceTree = "<group>";
		};
		684907CD23BFBCE80035A9D7 /* SelectedTimes */ = {
			isa = PBXGroup;
			children = (
				684907CE23BFBD020035A9D7 /* SelectedTimesController.swift */,
				68057BAB23C03F6C001469EB /* SelectedTimeCell.swift */,
				68057BA923C03D98001469EB /* AddTimeCell.swift */,
				68057BA723C03BCB001469EB /* Time.swift */,
			);
			path = SelectedTimes;
			sourceTree = "<group>";
		};
		684907D023BFC3600035A9D7 /* Shapes */ = {
			isa = PBXGroup;
			children = (
				684907D123BFE0BA0035A9D7 /* ShapesViewController.swift */,
				6812E2CA239E025B007459C3 /* ShapeCell.swift */,
			);
			path = Shapes;
			sourceTree = "<group>";
		};
		68765BCE239ECD4600F15D8F /* Controller */ = {
			isa = PBXGroup;
			children = (
				6812E2BB239B77EB007459C3 /* Presentation */,
				6812E2C0239B79DA007459C3 /* AddMedicationViewController.swift */,
			);
			path = Controller;
			sourceTree = "<group>";
		};
		68BBBADA23BFE59E00AF24E5 /* Dosage */ = {
			isa = PBXGroup;
			children = (
				68BBBADB23BFE5FC00AF24E5 /* DosageViewController.swift */,
				68C04B8223BD5ED1002AD7BA /* DayOfWeekCell.swift */,
			);
			path = Dosage;
			sourceTree = "<group>";
		};
		68C3CE2423C003A70083AB5F /* StartEndDatePicker */ = {
			isa = PBXGroup;
			children = (
				68C3CE2523C003C10083AB5F /* StartEndDatePickerController.swift */,
				68C6393723A1CA9A00C8CD6C /* DatePickerHeaderView.swift */,
			);
			path = StartEndDatePicker;
			sourceTree = "<group>";
		};
		68E8C6FB239A0EF7002281DE = {
			isa = PBXGroup;
			children = (
				68E8C706239A0EF7002281DE /* Dosage */,
				68E8C705239A0EF7002281DE /* Products */,
			);
			sourceTree = "<group>";
		};
		68E8C705239A0EF7002281DE /* Products */ = {
			isa = PBXGroup;
			children = (
				68E8C704239A0EF7002281DE /* Dosage.app */,
			);
			name = Products;
			sourceTree = "<group>";
		};
		68E8C706239A0EF7002281DE /* Dosage */ = {
			isa = PBXGroup;
			children = (
				68E8C723239A187D002281DE /* DosageModels.xcdatamodeld */,
				68E8C720239A17CB002281DE /* Extensions */,
				68E8C71B239A10E8002281DE /* Medications */,
				68E8C726239A19E2002281DE /* CoreDataManager.swift */,
				68E8C707239A0EF7002281DE /* AppDelegate.swift */,
				68E8C709239A0EF7002281DE /* SceneDelegate.swift */,
				68E8C70D239A0EF9002281DE /* Assets.xcassets */,
				68E8C712239A0EF9002281DE /* LaunchScreen.storyboard */,
				68E8C715239A0EF9002281DE /* Info.plist */,
				68E8C70F239A0EF9002281DE /* Preview Content */,
			);
			path = Dosage;
			sourceTree = "<group>";
		};
		68E8C70F239A0EF9002281DE /* Preview Content */ = {
			isa = PBXGroup;
			children = (
				68E8C710239A0EF9002281DE /* Preview Assets.xcassets */,
			);
			path = "Preview Content";
			sourceTree = "<group>";
		};
		68E8C71B239A10E8002281DE /* Medications */ = {
			isa = PBXGroup;
			children = (
				68E8C72A239A1D85002281DE /* Controller */,
				6812E2BA239B77DF007459C3 /* AddMedication */,
				68E8C734239ACC8F002281DE /* Medication */,
				68E8C71E239A1341002281DE /* MedicationCell.swift */,
			);
			path = Medications;
			sourceTree = "<group>";
		};
		68E8C720239A17CB002281DE /* Extensions */ = {
			isa = PBXGroup;
			children = (
				68E8C721239A17E5002281DE /* UIColor+helpers.swift */,
				6812E2CC239E1A9E007459C3 /* UIStackView+helpers.swift */,
				6858FFF523A0950D00EA8DA8 /* UILabel+helpers.swift */,
			);
			path = Extensions;
			sourceTree = "<group>";
		};
		68E8C72A239A1D85002281DE /* Controller */ = {
			isa = PBXGroup;
			children = (
				68E8C72F239A1F01002281DE /* Medications */,
				68E8C730239A1F30002281DE /* MedicationsNavigationController.swift */,
			);
			path = Controller;
			sourceTree = "<group>";
		};
		68E8C72F239A1F01002281DE /* Medications */ = {
			isa = PBXGroup;
			children = (
				68E8C71C239A10FD002281DE /* MedicationsController.swift */,
				68E8C72B239A1DBB002281DE /* MedicationsController+UICollectionViewDataSource.swift */,
				68E8C72D239A1E42002281DE /* MedicationsController+UICollectionViewDelegateFlowLayout.swift */,
				68E8C732239ACC5C002281DE /* MedicationsController+UICollectionViewDelegate.swift */,
				6812E2C8239D7FA0007459C3 /* MedicationsController+AddMedicationControllerDelegate.swift */,
			);
			path = Medications;
			sourceTree = "<group>";
		};
		68E8C734239ACC8F002281DE /* Medication */ = {
			isa = PBXGroup;
			children = (
				68E8C735239ACC9C002281DE /* MedicationController.swift */,
			);
			path = Medication;
			sourceTree = "<group>";
		};
/* End PBXGroup section */

/* Begin PBXNativeTarget section */
		68E8C703239A0EF7002281DE /* Dosage */ = {
			isa = PBXNativeTarget;
			buildConfigurationList = 68E8C718239A0EF9002281DE /* Build configuration list for PBXNativeTarget "Dosage" */;
			buildPhases = (
				68E8C700239A0EF7002281DE /* Sources */,
				68E8C701239A0EF7002281DE /* Frameworks */,
				68E8C702239A0EF7002281DE /* Resources */,
			);
			buildRules = (
			);
			dependencies = (
			);
			name = Dosage;
			productName = Dosage;
			productReference = 68E8C704239A0EF7002281DE /* Dosage.app */;
			productType = "com.apple.product-type.application";
		};
/* End PBXNativeTarget section */

/* Begin PBXProject section */
		68E8C6FC239A0EF7002281DE /* Project object */ = {
			isa = PBXProject;
			attributes = {
				LastSwiftUpdateCheck = 1100;
				LastUpgradeCheck = 1100;
				ORGANIZATIONNAME = "Mark Mansur";
				TargetAttributes = {
					68E8C703239A0EF7002281DE = {
						CreatedOnToolsVersion = 11.0;
					};
				};
			};
			buildConfigurationList = 68E8C6FF239A0EF7002281DE /* Build configuration list for PBXProject "Dosage" */;
			compatibilityVersion = "Xcode 9.3";
			developmentRegion = en;
			hasScannedForEncodings = 0;
			knownRegions = (
				en,
				Base,
			);
			mainGroup = 68E8C6FB239A0EF7002281DE;
			productRefGroup = 68E8C705239A0EF7002281DE /* Products */;
			projectDirPath = "";
			projectRoot = "";
			targets = (
				68E8C703239A0EF7002281DE /* Dosage */,
			);
		};
/* End PBXProject section */

/* Begin PBXResourcesBuildPhase section */
		68E8C702239A0EF7002281DE /* Resources */ = {
			isa = PBXResourcesBuildPhase;
			buildActionMask = 2147483647;
			files = (
				68E8C714239A0EF9002281DE /* LaunchScreen.storyboard in Resources */,
				68E8C711239A0EF9002281DE /* Preview Assets.xcassets in Resources */,
				68E8C70E239A0EF9002281DE /* Assets.xcassets in Resources */,
			);
			runOnlyForDeploymentPostprocessing = 0;
		};
/* End PBXResourcesBuildPhase section */

/* Begin PBXSourcesBuildPhase section */
		68E8C700239A0EF7002281DE /* Sources */ = {
			isa = PBXSourcesBuildPhase;
			buildActionMask = 2147483647;
			files = (
				68E8C72C239A1DBB002281DE /* MedicationsController+UICollectionViewDataSource.swift in Sources */,
				68E8C71F239A1341002281DE /* MedicationCell.swift in Sources */,
				68057BAA23C03D98001469EB /* AddTimeCell.swift in Sources */,
				68E8C736239ACC9C002281DE /* MedicationController.swift in Sources */,
				68C3CE2623C003C10083AB5F /* StartEndDatePickerController.swift in Sources */,
				6812E2C4239C55D4007459C3 /* AddMedicationView.swift in Sources */,
				68E8C708239A0EF7002281DE /* AppDelegate.swift in Sources */,
				6812E2C1239B79DA007459C3 /* AddMedicationViewController.swift in Sources */,
				68C04B8323BD5ED1002AD7BA /* DayOfWeekCell.swift in Sources */,
				68057BAC23C03F6C001469EB /* SelectedTimeCell.swift in Sources */,
				68BBBADC23BFE5FC00AF24E5 /* DosageViewController.swift in Sources */,
				684907D223BFE0BA0035A9D7 /* ShapesViewController.swift in Sources */,
				684907CF23BFBD020035A9D7 /* SelectedTimesController.swift in Sources */,
				6858FFF623A0950D00EA8DA8 /* UILabel+helpers.swift in Sources */,
				68057BA823C03BCB001469EB /* Time.swift in Sources */,
				6812E2CB239E025B007459C3 /* ShapeCell.swift in Sources */,
				68E8C70A239A0EF7002281DE /* SceneDelegate.swift in Sources */,
				68BB342A23A9778100185C30 /* DayOfWeek.swift in Sources */,
				6812E2C6239D75AF007459C3 /* AddMedicationTextField.swift in Sources */,
				68E8C722239A17E5002281DE /* UIColor+helpers.swift in Sources */,
				6812E2D0239E1C23007459C3 /* Shape.swift in Sources */,
				68E8C733239ACC5C002281DE /* MedicationsController+UICollectionViewDelegate.swift in Sources */,
				6812E2BD239B7812007459C3 /* SlideInPresentationManager.swift in Sources */,
				68E8C725239A187D002281DE /* DosageModels.xcdatamodeld in Sources */,
				68E8C72E239A1E42002281DE /* MedicationsController+UICollectionViewDelegateFlowLayout.swift in Sources */,
				6812E2BF239B787F007459C3 /* SlideInPresentationController.swift in Sources */,
				6812E2C9239D7FA0007459C3 /* MedicationsController+AddMedicationControllerDelegate.swift in Sources */,
				68E8C727239A19E2002281DE /* CoreDataManager.swift in Sources */,
				6812E2CD239E1A9E007459C3 /* UIStackView+helpers.swift in Sources */,
				68C6393823A1CA9A00C8CD6C /* DatePickerHeaderView.swift in Sources */,
				68E8C731239A1F30002281DE /* MedicationsNavigationController.swift in Sources */,
				68E8C71D239A10FD002281DE /* MedicationsController.swift in Sources */,
			);
			runOnlyForDeploymentPostprocessing = 0;
		};
/* End PBXSourcesBuildPhase section */

/* Begin PBXVariantGroup section */
		68E8C712239A0EF9002281DE /* LaunchScreen.storyboard */ = {
			isa = PBXVariantGroup;
			children = (
				68E8C713239A0EF9002281DE /* Base */,
			);
			name = LaunchScreen.storyboard;
			sourceTree = "<group>";
		};
/* End PBXVariantGroup section */

/* Begin XCBuildConfiguration section */
		68E8C716239A0EF9002281DE /* Debug */ = {
			isa = XCBuildConfiguration;
			buildSettings = {
				ALWAYS_SEARCH_USER_PATHS = NO;
				CLANG_ANALYZER_NONNULL = YES;
				CLANG_ANALYZER_NUMBER_OBJECT_CONVERSION = YES_AGGRESSIVE;
				CLANG_CXX_LANGUAGE_STANDARD = "gnu++14";
				CLANG_CXX_LIBRARY = "libc++";
				CLANG_ENABLE_MODULES = YES;
				CLANG_ENABLE_OBJC_ARC = YES;
				CLANG_ENABLE_OBJC_WEAK = YES;
				CLANG_WARN_BLOCK_CAPTURE_AUTORELEASING = YES;
				CLANG_WARN_BOOL_CONVERSION = YES;
				CLANG_WARN_COMMA = YES;
				CLANG_WARN_CONSTANT_CONVERSION = YES;
				CLANG_WARN_DEPRECATED_OBJC_IMPLEMENTATIONS = YES;
				CLANG_WARN_DIRECT_OBJC_ISA_USAGE = YES_ERROR;
				CLANG_WARN_DOCUMENTATION_COMMENTS = YES;
				CLANG_WARN_EMPTY_BODY = YES;
				CLANG_WARN_ENUM_CONVERSION = YES;
				CLANG_WARN_INFINITE_RECURSION = YES;
				CLANG_WARN_INT_CONVERSION = YES;
				CLANG_WARN_NON_LITERAL_NULL_CONVERSION = YES;
				CLANG_WARN_OBJC_IMPLICIT_RETAIN_SELF = YES;
				CLANG_WARN_OBJC_LITERAL_CONVERSION = YES;
				CLANG_WARN_OBJC_ROOT_CLASS = YES_ERROR;
				CLANG_WARN_RANGE_LOOP_ANALYSIS = YES;
				CLANG_WARN_STRICT_PROTOTYPES = YES;
				CLANG_WARN_SUSPICIOUS_MOVE = YES;
				CLANG_WARN_UNGUARDED_AVAILABILITY = YES_AGGRESSIVE;
				CLANG_WARN_UNREACHABLE_CODE = YES;
				CLANG_WARN__DUPLICATE_METHOD_MATCH = YES;
				COPY_PHASE_STRIP = NO;
				DEBUG_INFORMATION_FORMAT = dwarf;
				ENABLE_STRICT_OBJC_MSGSEND = YES;
				ENABLE_TESTABILITY = YES;
				GCC_C_LANGUAGE_STANDARD = gnu11;
				GCC_DYNAMIC_NO_PIC = NO;
				GCC_NO_COMMON_BLOCKS = YES;
				GCC_OPTIMIZATION_LEVEL = 0;
				GCC_PREPROCESSOR_DEFINITIONS = (
					"DEBUG=1",
					"$(inherited)",
				);
				GCC_WARN_64_TO_32_BIT_CONVERSION = YES;
				GCC_WARN_ABOUT_RETURN_TYPE = YES_ERROR;
				GCC_WARN_UNDECLARED_SELECTOR = YES;
				GCC_WARN_UNINITIALIZED_AUTOS = YES_AGGRESSIVE;
				GCC_WARN_UNUSED_FUNCTION = YES;
				GCC_WARN_UNUSED_VARIABLE = YES;
				IPHONEOS_DEPLOYMENT_TARGET = 13.0;
				MTL_ENABLE_DEBUG_INFO = INCLUDE_SOURCE;
				MTL_FAST_MATH = YES;
				ONLY_ACTIVE_ARCH = YES;
				SDKROOT = iphoneos;
				SWIFT_ACTIVE_COMPILATION_CONDITIONS = DEBUG;
				SWIFT_OPTIMIZATION_LEVEL = "-Onone";
			};
			name = Debug;
		};
		68E8C717239A0EF9002281DE /* Release */ = {
			isa = XCBuildConfiguration;
			buildSettings = {
				ALWAYS_SEARCH_USER_PATHS = NO;
				CLANG_ANALYZER_NONNULL = YES;
				CLANG_ANALYZER_NUMBER_OBJECT_CONVERSION = YES_AGGRESSIVE;
				CLANG_CXX_LANGUAGE_STANDARD = "gnu++14";
				CLANG_CXX_LIBRARY = "libc++";
				CLANG_ENABLE_MODULES = YES;
				CLANG_ENABLE_OBJC_ARC = YES;
				CLANG_ENABLE_OBJC_WEAK = YES;
				CLANG_WARN_BLOCK_CAPTURE_AUTORELEASING = YES;
				CLANG_WARN_BOOL_CONVERSION = YES;
				CLANG_WARN_COMMA = YES;
				CLANG_WARN_CONSTANT_CONVERSION = YES;
				CLANG_WARN_DEPRECATED_OBJC_IMPLEMENTATIONS = YES;
				CLANG_WARN_DIRECT_OBJC_ISA_USAGE = YES_ERROR;
				CLANG_WARN_DOCUMENTATION_COMMENTS = YES;
				CLANG_WARN_EMPTY_BODY = YES;
				CLANG_WARN_ENUM_CONVERSION = YES;
				CLANG_WARN_INFINITE_RECURSION = YES;
				CLANG_WARN_INT_CONVERSION = YES;
				CLANG_WARN_NON_LITERAL_NULL_CONVERSION = YES;
				CLANG_WARN_OBJC_IMPLICIT_RETAIN_SELF = YES;
				CLANG_WARN_OBJC_LITERAL_CONVERSION = YES;
				CLANG_WARN_OBJC_ROOT_CLASS = YES_ERROR;
				CLANG_WARN_RANGE_LOOP_ANALYSIS = YES;
				CLANG_WARN_STRICT_PROTOTYPES = YES;
				CLANG_WARN_SUSPICIOUS_MOVE = YES;
				CLANG_WARN_UNGUARDED_AVAILABILITY = YES_AGGRESSIVE;
				CLANG_WARN_UNREACHABLE_CODE = YES;
				CLANG_WARN__DUPLICATE_METHOD_MATCH = YES;
				COPY_PHASE_STRIP = NO;
				DEBUG_INFORMATION_FORMAT = "dwarf-with-dsym";
				ENABLE_NS_ASSERTIONS = NO;
				ENABLE_STRICT_OBJC_MSGSEND = YES;
				GCC_C_LANGUAGE_STANDARD = gnu11;
				GCC_NO_COMMON_BLOCKS = YES;
				GCC_WARN_64_TO_32_BIT_CONVERSION = YES;
				GCC_WARN_ABOUT_RETURN_TYPE = YES_ERROR;
				GCC_WARN_UNDECLARED_SELECTOR = YES;
				GCC_WARN_UNINITIALIZED_AUTOS = YES_AGGRESSIVE;
				GCC_WARN_UNUSED_FUNCTION = YES;
				GCC_WARN_UNUSED_VARIABLE = YES;
				IPHONEOS_DEPLOYMENT_TARGET = 13.0;
				MTL_ENABLE_DEBUG_INFO = NO;
				MTL_FAST_MATH = YES;
				SDKROOT = iphoneos;
				SWIFT_COMPILATION_MODE = wholemodule;
				SWIFT_OPTIMIZATION_LEVEL = "-O";
				VALIDATE_PRODUCT = YES;
			};
			name = Release;
		};
		68E8C719239A0EF9002281DE /* Debug */ = {
			isa = XCBuildConfiguration;
			buildSettings = {
				ASSETCATALOG_COMPILER_APPICON_NAME = AppIcon;
				CODE_SIGN_STYLE = Automatic;
				DEVELOPMENT_ASSET_PATHS = "\"Dosage/Preview Content\"";
				DEVELOPMENT_TEAM = EYSSST7CZ9;
				ENABLE_PREVIEWS = YES;
				INFOPLIST_FILE = Dosage/Info.plist;
				LD_RUNPATH_SEARCH_PATHS = (
					"$(inherited)",
					"@executable_path/Frameworks",
				);
				PRODUCT_BUNDLE_IDENTIFIER = markmansur.Dosage;
				PRODUCT_NAME = "$(TARGET_NAME)";
				SWIFT_VERSION = 5.0;
				TARGETED_DEVICE_FAMILY = "1,2";
			};
			name = Debug;
		};
		68E8C71A239A0EF9002281DE /* Release */ = {
			isa = XCBuildConfiguration;
			buildSettings = {
				ASSETCATALOG_COMPILER_APPICON_NAME = AppIcon;
				CODE_SIGN_STYLE = Automatic;
				DEVELOPMENT_ASSET_PATHS = "\"Dosage/Preview Content\"";
				DEVELOPMENT_TEAM = EYSSST7CZ9;
				ENABLE_PREVIEWS = YES;
				INFOPLIST_FILE = Dosage/Info.plist;
				LD_RUNPATH_SEARCH_PATHS = (
					"$(inherited)",
					"@executable_path/Frameworks",
				);
				PRODUCT_BUNDLE_IDENTIFIER = markmansur.Dosage;
				PRODUCT_NAME = "$(TARGET_NAME)";
				SWIFT_VERSION = 5.0;
				TARGETED_DEVICE_FAMILY = "1,2";
			};
			name = Release;
		};
/* End XCBuildConfiguration section */

/* Begin XCConfigurationList section */
		68E8C6FF239A0EF7002281DE /* Build configuration list for PBXProject "Dosage" */ = {
			isa = XCConfigurationList;
			buildConfigurations = (
				68E8C716239A0EF9002281DE /* Debug */,
				68E8C717239A0EF9002281DE /* Release */,
			);
			defaultConfigurationIsVisible = 0;
			defaultConfigurationName = Release;
		};
		68E8C718239A0EF9002281DE /* Build configuration list for PBXNativeTarget "Dosage" */ = {
			isa = XCConfigurationList;
			buildConfigurations = (
				68E8C719239A0EF9002281DE /* Debug */,
				68E8C71A239A0EF9002281DE /* Release */,
			);
			defaultConfigurationIsVisible = 0;
			defaultConfigurationName = Release;
		};
/* End XCConfigurationList section */

/* Begin XCVersionGroup section */
		68E8C723239A187D002281DE /* DosageModels.xcdatamodeld */ = {
			isa = XCVersionGroup;
			children = (
				68E8C724239A187D002281DE /* DosageModels.xcdatamodel */,
			);
			currentVersion = 68E8C724239A187D002281DE /* DosageModels.xcdatamodel */;
			path = DosageModels.xcdatamodeld;
			sourceTree = "<group>";
			versionGroupType = wrapper.xcdatamodel;
		};
/* End XCVersionGroup section */
	};
	rootObject = 68E8C6FC239A0EF7002281DE /* Project object */;
}
